
Microsoft Visual Studio Solution File, Format Version 12.00
# Visual Studio 15
VisualStudioVersion = 15.0.26124.0
MinimumVisualStudioVersion = 15.0.26124.0
Project("{2150E333-8FDC-42A3-9474-1A3956D46DE8}") = "src", "src", "{F780A509-B27E-4BEF-8E23-A3C3CD8C79EB}"
EndProject
Project("{FAE04EC0-301F-11D3-BF4B-00C04F79EFBC}") = "GradeBook", "src\GradeBook\GradeBook.csproj", "{86C834EB-AE2F-40EE-96F0-64339C4446F4}"
EndProject
Project("{2150E333-8FDC-42A3-9474-1A3956D46DE8}") = "test", "test", "{873C1070-96BC-45E8-A15F-EC6B23203A98}"
EndProject
Project("{FAE04EC0-301F-11D3-BF4B-00C04F79EFBC}") = "GradeBook.Tests", "test\GradeBook.Tests\GradeBook.Tests.csproj", "{DB4EE636-6325-4129-B363-AB3549DC5AD2}"
EndProject
Global
	GlobalSection(SolutionConfigurationPlatforms) = preSolution
		Debug|Any CPU = Debug|Any CPU
		Debug|x64 = Debug|x64
		Debug|x86 = Debug|x86
		Release|Any CPU = Release|Any CPU
		Release|x64 = Release|x64
		Release|x86 = Release|x86
	EndGlobalSection
	GlobalSection(SolutionProperties) = preSolution
		HideSolutionNode = FALSE
	EndGlobalSection
	GlobalSection(ProjectConfigurationPlatforms) = postSolution
		{86C834EB-AE2F-40EE-96F0-64339C4446F4}.Debug|Any CPU.ActiveCfg = Debug|Any CPU
		{86C834EB-AE2F-40EE-96F0-64339C4446F4}.Debug|Any CPU.Build.0 = Debug|Any CPU
		{86C834EB-AE2F-40EE-96F0-64339C4446F4}.Debug|x64.ActiveCfg = Debug|Any CPU
		{86C834EB-AE2F-40EE-96F0-64339C4446F4}.Debug|x64.Build.0 = Debug|Any CPU
		{86C834EB-AE2F-40EE-96F0-64339C4446F4}.Debug|x86.ActiveCfg = Debug|Any CPU
		{86C834EB-AE2F-40EE-96F0-64339C4446F4}.Debug|x86.Build.0 = Debug|Any CPU
		{86C834EB-AE2F-40EE-96F0-64339C4446F4}.Release|Any CPU.ActiveCfg = Release|Any CPU
		{86C834EB-AE2F-40EE-96F0-64339C4446F4}.Release|Any CPU.Build.0 = Release|Any CPU
		{86C834EB-AE2F-40EE-96F0-64339C4446F4}.Release|x64.ActiveCfg = Release|Any CPU
		{86C834EB-AE2F-40EE-96F0-64339C4446F4}.Release|x64.Build.0 = Release|Any CPU
		{86C834EB-AE2F-40EE-96F0-64339C4446F4}.Release|x86.ActiveCfg = Release|Any CPU
		{86C834EB-AE2F-40EE-96F0-64339C4446F4}.Release|x86.Build.0 = Release|Any CPU
		{DB4EE636-6325-4129-B363-AB3549DC5AD2}.Debug|Any CPU.ActiveCfg = Debug|Any CPU
		{DB4EE636-6325-4129-B363-AB3549DC5AD2}.Debug|Any CPU.Build.0 = Debug|Any CPU
		{DB4EE636-6325-4129-B363-AB3549DC5AD2}.Debug|x64.ActiveCfg = Debug|Any CPU
		{DB4EE636-6325-4129-B363-AB3549DC5AD2}.Debug|x64.Build.0 = Debug|Any CPU
		{DB4EE636-6325-4129-B363-AB3549DC5AD2}.Debug|x86.ActiveCfg = Debug|Any CPU
		{DB4EE636-6325-4129-B363-AB3549DC5AD2}.Debug|x86.Build.0 = Debug|Any CPU
		{DB4EE636-6325-4129-B363-AB3549DC5AD2}.Release|Any CPU.ActiveCfg = Release|Any CPU
		{DB4EE636-6325-4129-B363-AB3549DC5AD2}.Release|Any CPU.Build.0 = Release|Any CPU
		{DB4EE636-6325-4129-B363-AB3549DC5AD2}.Release|x64.ActiveCfg = Release|Any CPU
		{DB4EE636-6325-4129-B363-AB3549DC5AD2}.Release|x64.Build.0 = Release|Any CPU
		{DB4EE636-6325-4129-B363-AB3549DC5AD2}.Release|x86.ActiveCfg = Release|Any CPU
		{DB4EE636-6325-4129-B363-AB3549DC5AD2}.Release|x86.Build.0 = Release|Any CPU
	EndGlobalSection
	GlobalSection(NestedProjects) = preSolution
		{86C834EB-AE2F-40EE-96F0-64339C4446F4} = {F780A509-B27E-4BEF-8E23-A3C3CD8C79EB}
		{DB4EE636-6325-4129-B363-AB3549DC5AD2} = {873C1070-96BC-45E8-A15F-EC6B23203A98}
	EndGlobalSection
EndGlobal
